
Microsoft Visual Studio Solution File, Format Version 11.00
# Visual Studio 2010
Project("{FAE04EC0-301F-11D3-BF4B-00C04F79EFBC}") = "Assembly-CSharp", "Assembly-CSharp.csproj", "{7758a28d-30b8-8d1b-c44f-09d07abcb9ef}"
EndProject
Project("{FAE04EC0-301F-11D3-BF4B-00C04F79EFBC}") = "EasyCharacterMovement.CharacterMovement", "EasyCharacterMovement.CharacterMovement.csproj", "{4e8f3416-12b7-43e1-872b-6da4de424fa2}"
EndProject
Global
	GlobalSection(SolutionConfigurationPlatforms) = preSolution
		Debug|Any CPU = Debug|Any CPU
	EndGlobalSection
	GlobalSection(ProjectConfigurationPlatforms) = postSolution
		{7758a28d-30b8-8d1b-c44f-09d07abcb9ef}.Debug|Any CPU.ActiveCfg = Debug|Any CPU
		{7758a28d-30b8-8d1b-c44f-09d07abcb9ef}.Debug|Any CPU.Build.0 = Debug|Any CPU
		{4e8f3416-12b7-43e1-872b-6da4de424fa2}.Debug|Any CPU.ActiveCfg = Debug|Any CPU
		{4e8f3416-12b7-43e1-872b-6da4de424fa2}.Debug|Any CPU.Build.0 = Debug|Any CPU
	EndGlobalSection
	GlobalSection(SolutionProperties) = preSolution
		HideSolutionNode = FALSE
	EndGlobalSection
EndGlobal
